
Microsoft Visual Studio Solution File, Format Version 12.00
# Visual Studio Version 16
VisualStudioVersion = 16.0.31729.503
MinimumVisualStudioVersion = 10.0.40219.1
Project("{FAE04EC0-301F-11D3-BF4B-00C04F79EFBC}") = "ResizePrincipeTasklari", "ResizePrincipeTasklari\ResizePrincipeTasklari.csproj", "{F601F86C-E994-4A9C-BF9B-AC447E7718B2}"
EndProject
Global
	GlobalSection(SolutionConfigurationPlatforms) = preSolution
		Debug|Any CPU = Debug|Any CPU
		Release|Any CPU = Release|Any CPU
	EndGlobalSection
	GlobalSection(ProjectConfigurationPlatforms) = postSolution
		{F601F86C-E994-4A9C-BF9B-AC447E7718B2}.Debug|Any CPU.ActiveCfg = Debug|Any CPU
		{F601F86C-E994-4A9C-BF9B-AC447E7718B2}.Debug|Any CPU.Build.0 = Debug|Any CPU
		{F601F86C-E994-4A9C-BF9B-AC447E7718B2}.Release|Any CPU.ActiveCfg = Release|Any CPU
		{F601F86C-E994-4A9C-BF9B-AC447E7718B2}.Release|Any CPU.Build.0 = Release|Any CPU
	EndGlobalSection
	GlobalSection(SolutionProperties) = preSolution
		HideSolutionNode = FALSE
	EndGlobalSection
	GlobalSection(ExtensibilityGlobals) = postSolution
		SolutionGuid = {EFD69BBD-CA83-483F-8B7E-0FCF39AA401B}
	EndGlobalSection
EndGlobal
